# THIS IS AN AUTOGENERATED FILE. DO NOT EDIT THIS FILE DIRECTLY.
# yarn lockfile v1


lucide-react@^0.522.0:
  version "0.522.0"
  resolved "https://registry.yarnpkg.com/lucide-react/-/lucide-react-0.522.0.tgz#c0951dd32936b6a7bcc474a829a251fede0bdfbd"
  integrity sha512-jnJbw974yZ7rQHHEFKJOlWAefG3ATSCZHANZxIdx8Rk/16siuwjgA4fBULpXEAWx/RlTs3FzmKW/udWUuO0aRw==
